
Microsoft Visual Studio Solution File, Format Version 12.00
# Visual Studio Version 17
VisualStudioVersion = 17.8.34330.188
MinimumVisualStudioVersion = 10.0.40219.1
Project("{FAE04EC0-301F-11D3-BF4B-00C04F79EFBC}") = "VNA_GUIDE", "VNA_GUIDE\VNA_GUIDE.csproj", "{2AF953C3-75C2-4054-87BE-0FE8E614A699}"
EndProject
Global
	GlobalSection(SolutionConfigurationPlatforms) = preSolution
		Debug|Any CPU = Debug|Any CPU
		Release|Any CPU = Release|Any CPU
	EndGlobalSection
	GlobalSection(ProjectConfigurationPlatforms) = postSolution
		{2AF953C3-75C2-4054-87BE-0FE8E614A699}.Debug|Any CPU.ActiveCfg = Debug|Any CPU
		{2AF953C3-75C2-4054-87BE-0FE8E614A699}.Debug|Any CPU.Build.0 = Debug|Any CPU
		{2AF953C3-75C2-4054-87BE-0FE8E614A699}.Release|Any CPU.ActiveCfg = Release|Any CPU
		{2AF953C3-75C2-4054-87BE-0FE8E614A699}.Release|Any CPU.Build.0 = Release|Any CPU
	EndGlobalSection
	GlobalSection(SolutionProperties) = preSolution
		HideSolutionNode = FALSE
	EndGlobalSection
	GlobalSection(ExtensibilityGlobals) = postSolution
		SolutionGuid = {57CB177C-63B3-41F0-B11F-31B5B78E15A9}
	EndGlobalSection
EndGlobal
